// !$*UTF8*$!
{
	archiveVersion = 1;
	classes = {
	};
	objectVersion = 46;
	objects = {

/* Begin PBXBuildFile section */
		C2BA43EA1BAAA51200688904 /* main.m in Sources */ = {isa = PBXBuildFile; fileRef = C2BA43E91BAAA51200688904 /* main.m */; };
		C2BA43ED1BAAA51200688904 /* AppDelegate.m in Sources */ = {isa = PBXBuildFile; fileRef = C2BA43EC1BAAA51200688904 /* AppDelegate.m */; };
		C2BA43EF1BAAA51200688904 /* Images.xcassets in Resources */ = {isa = PBXBuildFile; fileRef = C2BA43EE1BAAA51200688904 /* Images.xcassets */; };
		C2BA43F21BAAA51200688904 /* LaunchScreen.xib in Resources */ = {isa = PBXBuildFile; fileRef = C2BA43F01BAAA51200688904 /* LaunchScreen.xib */; };
		C2BA43FE1BAAA51200688904 /* SixPassValue_Block_demoTests.m in Sources */ = {isa = PBXBuildFile; fileRef = C2BA43FD1BAAA51200688904 /* SixPassValue_Block_demoTests.m */; };
		C2BA440A1BAAA52500688904 /* FirstViewController.m in Sources */ = {isa = PBXBuildFile; fileRef = C2BA44081BAAA52500688904 /* FirstViewController.m */; };
		C2BA440B1BAAA52500688904 /* FirstViewController.xib in Resources */ = {isa = PBXBuildFile; fileRef = C2BA44091BAAA52500688904 /* FirstViewController.xib */; };
		C2BA440F1BAAA53400688904 /* SecondViewController.m in Sources */ = {isa = PBXBuildFile; fileRef = C2BA440D1BAAA53400688904 /* SecondViewController.m */; };
		C2BA44101BAAA53400688904 /* SecondViewController.xib in Resources */ = {isa = PBXBuildFile; fileRef = C2BA440E1BAAA53400688904 /* SecondViewController.xib */; };
/* End PBXBuildFile section */

/* Begin PBXContainerItemProxy section */
		C2BA43F81BAAA51200688904 /* PBXContainerItemProxy */ = {
			isa = PBXContainerItemProxy;
			containerPortal = C2BA43DC1BAAA51200688904 /* Project object */;
			proxyType = 1;
			remoteGlobalIDString = C2BA43E31BAAA51200688904;
			remoteInfo = "SixPassValue-Block_demo";
		};
/* End PBXContainerItemProxy section */

/* Begin PBXFileReference section */
		C2BA43E41BAAA51200688904 /* SixPassValue-Block_demo.app */ = {isa = PBXFileReference; explicitFileType = wrapper.application; includeInIndex = 0; path = "SixPassValue-Block_demo.app"; sourceTree = BUILT_PRODUCTS_DIR; };
		C2BA43E81BAAA51200688904 /* Info.plist */ = {isa = PBXFileReference; lastKnownFileType = text.plist.xml; path = Info.plist; sourceTree = "<group>"; };
		C2BA43E91BAAA51200688904 /* main.m */ = {isa = PBXFileReference; lastKnownFileType = sourcecode.c.objc; path = main.m; sourceTree = "<group>"; };
		C2BA43EB1BAAA51200688904 /* AppDelegate.h */ = {isa = PBXFileReference; lastKnownFileType = sourcecode.c.h; path = AppDelegate.h; sourceTree = "<group>"; };
		C2BA43EC1BAAA51200688904 /* AppDelegate.m */ = {isa = PBXFileReference; lastKnownFileType = sourcecode.c.objc; path = AppDelegate.m; sourceTree = "<group>"; };
		C2BA43EE1BAAA51200688904 /* Images.xcassets */ = {isa = PBXFileReference; lastKnownFileType = folder.assetcatalog; path = Images.xcassets; sourceTree = "<group>"; };
		C2BA43F11BAAA51200688904 /* Base */ = {isa = PBXFileReference; lastKnownFileType = file.xib; name = Base; path = Base.lproj/LaunchScreen.xib; sourceTree = "<group>"; };
		C2BA43F71BAAA51200688904 /* SixPassValue-Block_demoTests.xctest */ = {isa = PBXFileReference; explicitFileType = wrapper.cfbundle; includeInIndex = 0; path = "SixPassValue-Block_demoTests.xctest"; sourceTree = BUILT_PRODUCTS_DIR; };
		C2BA43FC1BAAA51200688904 /* Info.plist */ = {isa = PBXFileReference; lastKnownFileType = text.plist.xml; path = Info.plist; sourceTree = "<group>"; };
		C2BA43FD1BAAA51200688904 /* SixPassValue_Block_demoTests.m */ = {isa = PBXFileReference; lastKnownFileType = sourcecode.c.objc; path = SixPassValue_Block_demoTests.m; sourceTree = "<group>"; };
		C2BA44071BAAA52500688904 /* FirstViewController.h */ = {isa = PBXFileReference; fileEncoding = 4; lastKnownFileType = sourcecode.c.h; path = FirstViewController.h; sourceTree = "<group>"; };
		C2BA44081BAAA52500688904 /* FirstViewController.m */ = {isa = PBXFileReference; fileEncoding = 4; lastKnownFileType = sourcecode.c.objc; path = FirstViewController.m; sourceTree = "<group>"; };
		C2BA44091BAAA52500688904 /* FirstViewController.xib */ = {isa = PBXFileReference; fileEncoding = 4; lastKnownFileType = file.xib; path = FirstViewController.xib; sourceTree = "<group>"; };
		C2BA440C1BAAA53400688904 /* SecondViewController.h */ = {isa = PBXFileReference; fileEncoding = 4; lastKnownFileType = sourcecode.c.h; path = SecondViewController.h; sourceTree = "<group>"; };
		C2BA440D1BAAA53400688904 /* SecondViewController.m */ = {isa = PBXFileReference; fileEncoding = 4; lastKnownFileType = sourcecode.c.objc; path = SecondViewController.m; sourceTree = "<group>"; };
		C2BA440E1BAAA53400688904 /* SecondViewController.xib */ = {isa = PBXFileReference; fileEncoding = 4; lastKnownFileType = file.xib; path = SecondViewController.xib; sourceTree = "<group>"; };
/* End PBXFileReference section */

/* Begin PBXFrameworksBuildPhase section */
		C2BA43E11BAAA51200688904 /* Frameworks */ = {
			isa = PBXFrameworksBuildPhase;
			buildActionMask = 2147483647;
			files = (
			);
			runOnlyForDeploymentPostprocessing = 0;
		};
		C2BA43F41BAAA51200688904 /* Frameworks */ = {
			isa = PBXFrameworksBuildPhase;
			buildActionMask = 2147483647;
			files = (
			);
			runOnlyForDeploymentPostprocessing = 0;
		};
/* End PBXFrameworksBuildPhase section */

/* Begin PBXGroup section */
		C2BA43DB1BAAA51200688904 = {
			isa = PBXGroup;
			children = (
				C2BA43E61BAAA51200688904 /* SixPassValue-Block_demo */,
				C2BA43FA1BAAA51200688904 /* SixPassValue-Block_demoTests */,
				C2BA43E51BAAA51200688904 /* Products */,
			);
			sourceTree = "<group>";
		};
		C2BA43E51BAAA51200688904 /* Products */ = {
			isa = PBXGroup;
			children = (
				C2BA43E41BAAA51200688904 /* SixPassValue-Block_demo.app */,
				C2BA43F71BAAA51200688904 /* SixPassValue-Block_demoTests.xctest */,
			);
			name = Products;
			sourceTree = "<group>";
		};
		C2BA43E61BAAA51200688904 /* SixPassValue-Block_demo */ = {
			isa = PBXGroup;
			children = (
				C2BA43EB1BAAA51200688904 /* AppDelegate.h */,
				C2BA43EC1BAAA51200688904 /* AppDelegate.m */,
				C2BA44071BAAA52500688904 /* FirstViewController.h */,
				C2BA44081BAAA52500688904 /* FirstViewController.m */,
				C2BA44091BAAA52500688904 /* FirstViewController.xib */,
				C2BA440C1BAAA53400688904 /* SecondViewController.h */,
				C2BA440D1BAAA53400688904 /* SecondViewController.m */,
				C2BA440E1BAAA53400688904 /* SecondViewController.xib */,
				C2BA43EE1BAAA51200688904 /* Images.xcassets */,
				C2BA43F01BAAA51200688904 /* LaunchScreen.xib */,
				C2BA43E71BAAA51200688904 /* Supporting Files */,
			);
			path = "SixPassValue-Block_demo";
			sourceTree = "<group>";
		};
		C2BA43E71BAAA51200688904 /* Supporting Files */ = {
			isa = PBXGroup;
			children = (
				C2BA43E81BAAA51200688904 /* Info.plist */,
				C2BA43E91BAAA51200688904 /* main.m */,
			);
			name = "Supporting Files";
			sourceTree = "<group>";
		};
		C2BA43FA1BAAA51200688904 /* SixPassValue-Block_demoTests */ = {
			isa = PBXGroup;
			children = (
				C2BA43FD1BAAA51200688904 /* SixPassValue_Block_demoTests.m */,
				C2BA43FB1BAAA51200688904 /* Supporting Files */,
			);
			path = "SixPassValue-Block_demoTests";
			sourceTree = "<group>";
		};
		C2BA43FB1BAAA51200688904 /* Supporting Files */ = {
			isa = PBXGroup;
			children = (
				C2BA43FC1BAAA51200688904 /* Info.plist */,
			);
			name = "Supporting Files";
			sourceTree = "<group>";
		};
/* End PBXGroup section */

/* Begin PBXNativeTarget section */
		C2BA43E31BAAA51200688904 /* SixPassValue-Block_demo */ = {
			isa = PBXNativeTarget;
			buildConfigurationList = C2BA44011BAAA51200688904 /* Build configuration list for PBXNativeTarget "SixPassValue-Block_demo" */;
			buildPhases = (
				C2BA43E01BAAA51200688904 /* Sources */,
				C2BA43E11BAAA51200688904 /* Frameworks */,
				C2BA43E21BAAA51200688904 /* Resources */,
			);
			buildRules = (
			);
			dependencies = (
			);
			name = "SixPassValue-Block_demo";
			productName = "SixPassValue-Block_demo";
			productReference = C2BA43E41BAAA51200688904 /* SixPassValue-Block_demo.app */;
			productType = "com.apple.product-type.application";
		};
		C2BA43F61BAAA51200688904 /* SixPassValue-Block_demoTests */ = {
			isa = PBXNativeTarget;
			buildConfigurationList = C2BA44041BAAA51200688904 /* Build configuration list for PBXNativeTarget "SixPassValue-Block_demoTests" */;
			buildPhases = (
				C2BA43F31BAAA51200688904 /* Sources */,
				C2BA43F41BAAA51200688904 /* Frameworks */,
				C2BA43F51BAAA51200688904 /* Resources */,
			);
			buildRules = (
			);
			dependencies = (
				C2BA43F91BAAA51200688904 /* PBXTargetDependency */,
			);
			name = "SixPassValue-Block_demoTests";
			productName = "SixPassValue-Block_demoTests";
			productReference = C2BA43F71BAAA51200688904 /* SixPassValue-Block_demoTests.xctest */;
			productType = "com.apple.product-type.bundle.unit-test";
		};
/* End PBXNativeTarget section */

/* Begin PBXProject section */
		C2BA43DC1BAAA51200688904 /* Project object */ = {
			isa = PBXProject;
			attributes = {
				LastUpgradeCheck = 0600;
				ORGANIZATIONNAME = lanou3g;
				TargetAttributes = {
					C2BA43E31BAAA51200688904 = {
						CreatedOnToolsVersion = 6.0.1;
					};
					C2BA43F61BAAA51200688904 = {
						CreatedOnToolsVersion = 6.0.1;
						TestTargetID = C2BA43E31BAAA51200688904;
					};
				};
			};
			buildConfigurationList = C2BA43DF1BAAA51200688904 /* Build configuration list for PBXProject "SixPassValue-Block_demo" */;
			compatibilityVersion = "Xcode 3.2";
			developmentRegion = English;
			hasScannedForEncodings = 0;
			knownRegions = (
				en,
				Base,
			);
			mainGroup = C2BA43DB1BAAA51200688904;
			productRefGroup = C2BA43E51BAAA51200688904 /* Products */;
			projectDirPath = "";
			projectRoot = "";
			targets = (
				C2BA43E31BAAA51200688904 /* SixPassValue-Block_demo */,
				C2BA43F61BAAA51200688904 /* SixPassValue-Block_demoTests */,
			);
		};
/* End PBXProject section */

/* Begin PBXResourcesBuildPhase section */
		C2BA43E21BAAA51200688904 /* Resources */ = {
			isa = PBXResourcesBuildPhase;
			buildActionMask = 2147483647;
			files = (
				C2BA44101BAAA53400688904 /* SecondViewController.xib in Resources */,
				C2BA43F21BAAA51200688904 /* LaunchScreen.xib in Resources */,
				C2BA440B1BAAA52500688904 /* FirstViewController.xib in Resources */,
				C2BA43EF1BAAA51200688904 /* Images.xcassets in Resources */,
			);
			runOnlyForDeploymentPostprocessing = 0;
		};
		C2BA43F51BAAA51200688904 /* Resources */ = {
			isa = PBXResourcesBuildPhase;
			buildActionMask = 2147483647;
			files = (
			);
			runOnlyForDeploymentPostprocessing = 0;
		};
/* End PBXResourcesBuildPhase section */

/* Begin PBXSourcesBuildPhase section */
		C2BA43E01BAAA51200688904 /* Sources */ = {
			isa = PBXSourcesBuildPhase;
			buildActionMask = 2147483647;
			files = (
				C2BA440F1BAAA53400688904 /* SecondViewController.m in Sources */,
				C2BA43ED1BAAA51200688904 /* AppDelegate.m in Sources */,
				C2BA440A1BAAA52500688904 /* FirstViewController.m in Sources */,
				C2BA43EA1BAAA51200688904 /* main.m in Sources */,
			);
			runOnlyForDeploymentPostprocessing = 0;
		};
		C2BA43F31BAAA51200688904 /* Sources */ = {
			isa = PBXSourcesBuildPhase;
			buildActionMask = 2147483647;
			files = (
				C2BA43FE1BAAA51200688904 /* SixPassValue_Block_demoTests.m in Sources */,
			);
			runOnlyForDeploymentPostprocessing = 0;
		};
/* End PBXSourcesBuildPhase section */

/* Begin PBXTargetDependency section */
		C2BA43F91BAAA51200688904 /* PBXTargetDependency */ = {
			isa = PBXTargetDependency;
			target = C2BA43E31BAAA51200688904 /* SixPassValue-Block_demo */;
			targetProxy = C2BA43F81BAAA51200688904 /* PBXContainerItemProxy */;
		};
/* End PBXTargetDependency section */

/* Begin PBXVariantGroup section */
		C2BA43F01BAAA51200688904 /* LaunchScreen.xib */ = {
			isa = PBXVariantGroup;
			children = (
				C2BA43F11BAAA51200688904 /* Base */,
			);
			name = LaunchScreen.xib;
			sourceTree = "<group>";
		};
/* End PBXVariantGroup section */

/* Begin XCBuildConfiguration section */
		C2BA43FF1BAAA51200688904 /* Debug */ = {
			isa = XCBuildConfiguration;
			buildSettings = {
				ALWAYS_SEARCH_USER_PATHS = NO;
				CLANG_CXX_LANGUAGE_STANDARD = "gnu++0x";
				CLANG_CXX_LIBRARY = "libc++";
				CLANG_ENABLE_MODULES = YES;
				CLANG_ENABLE_OBJC_ARC = YES;
				CLANG_WARN_BOOL_CONVERSION = YES;
				CLANG_WARN_CONSTANT_CONVERSION = YES;
				CLANG_WARN_DIRECT_OBJC_ISA_USAGE = YES_ERROR;
				CLANG_WARN_EMPTY_BODY = YES;
				CLANG_WARN_ENUM_CONVERSION = YES;
				CLANG_WARN_INT_CONVERSION = YES;
				CLANG_WARN_OBJC_ROOT_CLASS = YES_ERROR;
				CLANG_WARN_UNREACHABLE_CODE = YES;
				CLANG_WARN__DUPLICATE_METHOD_MATCH = YES;
				"CODE_SIGN_IDENTITY[sdk=iphoneos*]" = "iPhone Developer";
				COPY_PHASE_STRIP = NO;
				ENABLE_STRICT_OBJC_MSGSEND = YES;
				GCC_C_LANGUAGE_STANDARD = gnu99;
				GCC_DYNAMIC_NO_PIC = NO;
				GCC_OPTIMIZATION_LEVEL = 0;
				GCC_PREPROCESSOR_DEFINITIONS = (
					"DEBUG=1",
					"$(inherited)",
				);
				GCC_SYMBOLS_PRIVATE_EXTERN = NO;
				GCC_WARN_64_TO_32_BIT_CONVERSION = YES;
				GCC_WARN_ABOUT_RETURN_TYPE = YES_ERROR;
				GCC_WARN_UNDECLARED_SELECTOR = YES;
				GCC_WARN_UNINITIALIZED_AUTOS = YES_AGGRESSIVE;
				GCC_WARN_UNUSED_FUNCTION = YES;
				GCC_WARN_UNUSED_VARIABLE = YES;
				IPHONEOS_DEPLOYMENT_TARGET = 8.0;
				MTL_ENABLE_DEBUG_INFO = YES;
				ONLY_ACTIVE_ARCH = YES;
				SDKROOT = iphoneos;
			};
			name = Debug;
		};
		C2BA44001BAAA51200688904 /* Release */ = {
			isa = XCBuildConfiguration;
			buildSettings = {
				ALWAYS_SEARCH_USER_PATHS = NO;
				CLANG_CXX_LANGUAGE_STANDARD = "gnu++0x";
				CLANG_CXX_LIBRARY = "libc++";
				CLANG_ENABLE_MODULES = YES;
				CLANG_ENABLE_OBJC_ARC = YES;
				CLANG_WARN_BOOL_CONVERSION = YES;
				CLANG_WARN_CONSTANT_CONVERSION = YES;
				CLANG_WARN_DIRECT_OBJC_ISA_USAGE = YES_ERROR;
				CLANG_WARN_EMPTY_BODY = YES;
				CLANG_WARN_ENUM_CONVERSION = YES;
				CLANG_WARN_INT_CONVERSION = YES;
				CLANG_WARN_OBJC_ROOT_CLASS = YES_ERROR;
				CLANG_WARN_UNREACHABLE_CODE = YES;
				CLANG_WARN__DUPLICATE_METHOD_MATCH = YES;
				"CODE_SIGN_IDENTITY[sdk=iphoneos*]" = "iPhone Developer";
				COPY_PHASE_STRIP = YES;
				ENABLE_NS_ASSERTIONS = NO;
				ENABLE_STRICT_OBJC_MSGSEND = YES;
				GCC_C_LANGUAGE_STANDARD = gnu99;
				GCC_WARN_64_TO_32_BIT_CONVERSION = YES;
				GCC_WARN_ABOUT_RETURN_TYPE = YES_ERROR;
				GCC_WARN_UNDECLARED_SELECTOR = YES;
				GCC_WARN_UNINITIALIZED_AUTOS = YES_AGGRESSIVE;
				GCC_WARN_UNUSED_FUNCTION = YES;
				GCC_WARN_UNUSED_VARIABLE = YES;
				IPHONEOS_DEPLOYMENT_TARGET = 8.0;
				MTL_ENABLE_DEBUG_INFO = NO;
				SDKROOT = iphoneos;
				VALIDATE_PRODUCT = YES;
			};
			name = Release;
		};
		C2BA44021BAAA51200688904 /* Debug */ = {
			isa = XCBuildConfiguration;
			buildSettings = {
				ASSETCATALOG_COMPILER_APPICON_NAME = AppIcon;
				CLANG_ENABLE_OBJC_ARC = NO;
				INFOPLIST_FILE = "SixPassValue-Block_demo/Info.plist";
				LD_RUNPATH_SEARCH_PATHS = "$(inherited) @executable_path/Frameworks";
				PRODUCT_NAME = "$(TARGET_NAME)";
			};
			name = Debug;
		};
		C2BA44031BAAA51200688904 /* Release */ = {
			isa = XCBuildConfiguration;
			buildSettings = {
				ASSETCATALOG_COMPILER_APPICON_NAME = AppIcon;
				CLANG_ENABLE_OBJC_ARC = NO;
				INFOPLIST_FILE = "SixPassValue-Block_demo/Info.plist";
				LD_RUNPATH_SEARCH_PATHS = "$(inherited) @executable_path/Frameworks";
				PRODUCT_NAME = "$(TARGET_NAME)";
			};
			name = Release;
		};
		C2BA44051BAAA51200688904 /* Debug */ = {
			isa = XCBuildConfiguration;
			buildSettings = {
				BUNDLE_LOADER = "$(TEST_HOST)";
				FRAMEWORK_SEARCH_PATHS = (
					"$(SDKROOT)/Developer/Library/Frameworks",
					"$(inherited)",
				);
				GCC_PREPROCESSOR_DEFINITIONS = (
					"DEBUG=1",
					"$(inherited)",
				);
				INFOPLIST_FILE = "SixPassValue-Block_demoTests/Info.plist";
				LD_RUNPATH_SEARCH_PATHS = "$(inherited) @executable_path/Frameworks @loader_path/Frameworks";
				PRODUCT_NAME = "$(TARGET_NAME)";
				TEST_HOST = "$(BUILT_PRODUCTS_DIR)/SixPassValue-Block_demo.app/SixPassValue-Block_demo";
			};
			name = Debug;
		};
		C2BA44061BAAA51200688904 /* Release */ = {
			isa = XCBuildConfiguration;
			buildSettings = {
				BUNDLE_LOADER = "$(TEST_HOST)";
				FRAMEWORK_SEARCH_PATHS = (
					"$(SDKROOT)/Developer/Library/Frameworks",
					"$(inherited)",
				);
				INFOPLIST_FILE = "SixPassValue-Block_demoTests/Info.plist";
				LD_RUNPATH_SEARCH_PATHS = "$(inherited) @executable_path/Frameworks @loader_path/Frameworks";
				PRODUCT_NAME = "$(TARGET_NAME)";
				TEST_HOST = "$(BUILT_PRODUCTS_DIR)/SixPassValue-Block_demo.app/SixPassValue-Block_demo";
			};
			name = Release;
		};
/* End XCBuildConfiguration section */

/* Begin XCConfigurationList section */
		C2BA43DF1BAAA51200688904 /* Build configuration list for PBXProject "SixPassValue-Block_demo" */ = {
			isa = XCConfigurationList;
			buildConfigurations = (
				C2BA43FF1BAAA51200688904 /* Debug */,
				C2BA44001BAAA51200688904 /* Release */,
			);
			defaultConfigurationIsVisible = 0;
			defaultConfigurationName = Release;
		};
		C2BA44011BAAA51200688904 /* Build configuration list for PBXNativeTarget "SixPassValue-Block_demo" */ = {
			isa = XCConfigurationList;
			buildConfigurations = (
				C2BA44021BAAA51200688904 /* Debug */,
				C2BA44031BAAA51200688904 /* Release */,
			);
			defaultConfigurationIsVisible = 0;
		};
		C2BA44041BAAA51200688904 /* Build configuration list for PBXNativeTarget "SixPassValue-Block_demoTests" */ = {
			isa = XCConfigurationList;
			buildConfigurations = (
				C2BA44051BAAA51200688904 /* Debug */,
				C2BA44061BAAA51200688904 /* Release */,
			);
			defaultConfigurationIsVisible = 0;
		};
/* End XCConfigurationList section */
	};
	rootObject = C2BA43DC1BAAA51200688904 /* Project object */;
}
